
Microsoft Visual Studio Solution File, Format Version 12.00
# Visual Studio Version 17
VisualStudioVersion = 17.10.35122.118
MinimumVisualStudioVersion = 10.0.40219.1
Project("{FAE04EC0-301F-11D3-BF4B-00C04F79EFBC}") = "KuyrukSimulation", "KuyrukSimulation\KuyrukSimulation.csproj", "{D9E46BA6-9BA0-41AD-9BD7-5991CF54C653}"
EndProject
Global
	GlobalSection(SolutionConfigurationPlatforms) = preSolution
		Debug|Any CPU = Debug|Any CPU
		Release|Any CPU = Release|Any CPU
	EndGlobalSection
	GlobalSection(ProjectConfigurationPlatforms) = postSolution
		{D9E46BA6-9BA0-41AD-9BD7-5991CF54C653}.Debug|Any CPU.ActiveCfg = Debug|Any CPU
		{D9E46BA6-9BA0-41AD-9BD7-5991CF54C653}.Debug|Any CPU.Build.0 = Debug|Any CPU
		{D9E46BA6-9BA0-41AD-9BD7-5991CF54C653}.Release|Any CPU.ActiveCfg = Release|Any CPU
		{D9E46BA6-9BA0-41AD-9BD7-5991CF54C653}.Release|Any CPU.Build.0 = Release|Any CPU
	EndGlobalSection
	GlobalSection(SolutionProperties) = preSolution
		HideSolutionNode = FALSE
	EndGlobalSection
	GlobalSection(ExtensibilityGlobals) = postSolution
		SolutionGuid = {5CBC7BA9-F59E-4CC8-8187-631FE95F72DF}
	EndGlobalSection
EndGlobal
