
Microsoft Visual Studio Solution File, Format Version 12.00
# Visual Studio Version 17
VisualStudioVersion = 17.10.35122.118
MinimumVisualStudioVersion = 10.0.40219.1
Project("{FAE04EC0-301F-11D3-BF4B-00C04F79EFBC}") = "KuyrukSimulasyonu", "KuyrukSimulasyonu\KuyrukSimulasyonu.csproj", "{8FCD5B17-44DA-40E0-AD6F-F84A2A6677EE}"
EndProject
Global
	GlobalSection(SolutionConfigurationPlatforms) = preSolution
		Debug|Any CPU = Debug|Any CPU
		Release|Any CPU = Release|Any CPU
	EndGlobalSection
	GlobalSection(ProjectConfigurationPlatforms) = postSolution
		{8FCD5B17-44DA-40E0-AD6F-F84A2A6677EE}.Debug|Any CPU.ActiveCfg = Debug|Any CPU
		{8FCD5B17-44DA-40E0-AD6F-F84A2A6677EE}.Debug|Any CPU.Build.0 = Debug|Any CPU
		{8FCD5B17-44DA-40E0-AD6F-F84A2A6677EE}.Release|Any CPU.ActiveCfg = Release|Any CPU
		{8FCD5B17-44DA-40E0-AD6F-F84A2A6677EE}.Release|Any CPU.Build.0 = Release|Any CPU
	EndGlobalSection
	GlobalSection(SolutionProperties) = preSolution
		HideSolutionNode = FALSE
	EndGlobalSection
	GlobalSection(ExtensibilityGlobals) = postSolution
		SolutionGuid = {F84F2AC3-538A-4CD6-B341-1EDDC49CA193}
	EndGlobalSection
EndGlobal
